
Microsoft Visual Studio Solution File, Format Version 12.00
# Visual Studio Version 17
VisualStudioVersion = 17.5.002.0
MinimumVisualStudioVersion = 10.0.40219.1
Project("{9A19103F-16F7-4668-BE54-9A1E7A4F7556}") = "DemoMVC", "DemoMVC.csproj", "{2236F3C8-A04F-4B81-A769-977C303261EB}"
EndProject
Global
	GlobalSection(SolutionConfigurationPlatforms) = preSolution
		Debug|Any CPU = Debug|Any CPU
		Release|Any CPU = Release|Any CPU
	EndGlobalSection
	GlobalSection(ProjectConfigurationPlatforms) = postSolution
		{2236F3C8-A04F-4B81-A769-977C303261EB}.Debug|Any CPU.ActiveCfg = Debug|Any CPU
		{2236F3C8-A04F-4B81-A769-977C303261EB}.Debug|Any CPU.Build.0 = Debug|Any CPU
		{2236F3C8-A04F-4B81-A769-977C303261EB}.Release|Any CPU.ActiveCfg = Release|Any CPU
		{2236F3C8-A04F-4B81-A769-977C303261EB}.Release|Any CPU.Build.0 = Release|Any CPU
	EndGlobalSection
	GlobalSection(SolutionProperties) = preSolution
		HideSolutionNode = FALSE
	EndGlobalSection
	GlobalSection(ExtensibilityGlobals) = postSolution
		SolutionGuid = {F0AB0902-DE19-419C-BDFE-4E76E2294C6F}
	EndGlobalSection
EndGlobal
